// !$*UTF8*$!
{
	archiveVersion = 1;
	classes = {
	};
	objectVersion = 50;
	objects = {

/* Begin PBXBuildFile section */
		1C825B072226CAF30075E3FB /* GenericViewController.swift in Sources */ = {isa = PBXBuildFile; fileRef = 1C825B062226CAF30075E3FB /* GenericViewController.swift */; };
		1C825B092226D1640075E3FB /* ViewModel.swift in Sources */ = {isa = PBXBuildFile; fileRef = 1C825B082226D1640075E3FB /* ViewModel.swift */; };
		1C825B0B2226D5D40075E3FB /* RootView.swift in Sources */ = {isa = PBXBuildFile; fileRef = 1C825B0A2226D5D40075E3FB /* RootView.swift */; };
		1C825B0E2226D91B0075E3FB /* LoginViewModel.swift in Sources */ = {isa = PBXBuildFile; fileRef = 1C825B0D2226D91B0075E3FB /* LoginViewModel.swift */; };
		1C825B102227D9D90075E3FB /* LoginViewController.swift in Sources */ = {isa = PBXBuildFile; fileRef = 1C825B0F2227D9D90075E3FB /* LoginViewController.swift */; };
		1C825B132227DA5D0075E3FB /* LoginRootView.swift in Sources */ = {isa = PBXBuildFile; fileRef = 1C825B122227DA5D0075E3FB /* LoginRootView.swift */; };
		6804516C22242B640080BE3D /* Pseudo.swift in Sources */ = {isa = PBXBuildFile; fileRef = 6804516B22242B640080BE3D /* Pseudo.swift */; };
		68135C792230099C00DDD5F9 /* PseudoCollectionViewCellConfigurator.swift in Sources */ = {isa = PBXBuildFile; fileRef = 68135C782230099C00DDD5F9 /* PseudoCollectionViewCellConfigurator.swift */; };
		682754A7222D3DA800C6326D /* PseudoCollectionRootView.swift in Sources */ = {isa = PBXBuildFile; fileRef = 682754A6222D3DA800C6326D /* PseudoCollectionRootView.swift */; };
		682754A9222D3E2700C6326D /* PseudoCollectionViewModel.swift in Sources */ = {isa = PBXBuildFile; fileRef = 682754A8222D3E2700C6326D /* PseudoCollectionViewModel.swift */; };
		684BB511221ED86000C46642 /* SiestaUI.framework in Frameworks */ = {isa = PBXBuildFile; fileRef = 684BB50F221ED86000C46642 /* SiestaUI.framework */; };
		684BB512221ED86000C46642 /* Siesta.framework in Frameworks */ = {isa = PBXBuildFile; fileRef = 684BB510221ED86000C46642 /* Siesta.framework */; };
		684BB516221EDC0200C46642 /* MojnAPI.swift in Sources */ = {isa = PBXBuildFile; fileRef = 684BB515221EDC0200C46642 /* MojnAPI.swift */; };
		684BB51E221F35A000C46642 /* Valet.framework in Frameworks */ = {isa = PBXBuildFile; fileRef = 684BB51D221F35A000C46642 /* Valet.framework */; };
		684E95FC22231DE9005B14CF /* PseudoCollectionViewController.swift in Sources */ = {isa = PBXBuildFile; fileRef = 684E95FB22231DE9005B14CF /* PseudoCollectionViewController.swift */; };
		684E95FF22232096005B14CF /* PseudoCollectionDefaultCell.swift in Sources */ = {isa = PBXBuildFile; fileRef = 684E95FE22232096005B14CF /* PseudoCollectionDefaultCell.swift */; };
		684F5124222EAA49003A3885 /* PseudoCollectionAddCell.swift in Sources */ = {isa = PBXBuildFile; fileRef = 684F5123222EAA49003A3885 /* PseudoCollectionAddCell.swift */; };
		6853822E221C329C00DBA0FB /* AppDelegate.swift in Sources */ = {isa = PBXBuildFile; fileRef = 6853822D221C329C00DBA0FB /* AppDelegate.swift */; };
		68538235221C329E00DBA0FB /* Assets.xcassets in Resources */ = {isa = PBXBuildFile; fileRef = 68538234221C329E00DBA0FB /* Assets.xcassets */; };
		68538238221C329E00DBA0FB /* LaunchScreen.storyboard in Resources */ = {isa = PBXBuildFile; fileRef = 68538236221C329E00DBA0FB /* LaunchScreen.storyboard */; };
		685CC1B522329B9A0035C45F /* PseudoCollectionHeaderCell.swift in Sources */ = {isa = PBXBuildFile; fileRef = 685CC1B422329B9A0035C45F /* PseudoCollectionHeaderCell.swift */; };
		685CC1BA223681A40035C45F /* MessageViewController.swift in Sources */ = {isa = PBXBuildFile; fileRef = 685CC1B9223681A40035C45F /* MessageViewController.swift */; };
		685CC1BC223681D50035C45F /* MessageRootView.swift in Sources */ = {isa = PBXBuildFile; fileRef = 685CC1BB223681D50035C45F /* MessageRootView.swift */; };
		685CC1BE223681FB0035C45F /* MessageViewModel.swift in Sources */ = {isa = PBXBuildFile; fileRef = 685CC1BD223681FB0035C45F /* MessageViewModel.swift */; };
		685CC1C0223685830035C45F /* MessageTableViewCellConfigurator.swift in Sources */ = {isa = PBXBuildFile; fileRef = 685CC1BF223685830035C45F /* MessageTableViewCellConfigurator.swift */; };
		68618F57221C3E84004590B5 /* Layoutless.framework in Frameworks */ = {isa = PBXBuildFile; fileRef = 68618F56221C3E83004590B5 /* Layoutless.framework */; };
		686FABD022240A5300341D19 /* UIColor+Color.swift in Sources */ = {isa = PBXBuildFile; fileRef = 686FABCF22240A5300341D19 /* UIColor+Color.swift */; };
		687B4044222557C800304B88 /* MessageKit.framework in Frameworks */ = {isa = PBXBuildFile; fileRef = 687B4043222557C800304B88 /* MessageKit.framework */; };
		687B4046222557FC00304B88 /* MessageDetailViewController.swift in Sources */ = {isa = PBXBuildFile; fileRef = 687B4045222557FC00304B88 /* MessageDetailViewController.swift */; };
		687B40482225585800304B88 /* Message.swift in Sources */ = {isa = PBXBuildFile; fileRef = 687B40472225585800304B88 /* Message.swift */; };
		687B404A22255C1600304B88 /* MojnInputBar.swift in Sources */ = {isa = PBXBuildFile; fileRef = 687B404922255C1600304B88 /* MojnInputBar.swift */; };
		687B404C22255D2200304B88 /* MessageInputBar.framework in Frameworks */ = {isa = PBXBuildFile; fileRef = 687B404B22255D2200304B88 /* MessageInputBar.framework */; };
		687B404E22256BF400304B88 /* SwiftyJSON.framework in Frameworks */ = {isa = PBXBuildFile; fileRef = 687B404D22256BF400304B88 /* SwiftyJSON.framework */; };
		6881ADBE2237C082008C3051 /* MessageTableDefaultCell.swift in Sources */ = {isa = PBXBuildFile; fileRef = 6881ADBD2237C082008C3051 /* MessageTableDefaultCell.swift */; };
		6884B8EB22382BE9003ECE05 /* Appearance.swift in Sources */ = {isa = PBXBuildFile; fileRef = 6884B8EA22382BE9003ECE05 /* Appearance.swift */; };
		6884B8F622394494003ECE05 /* PseudoCollectionEmptyCell.swift in Sources */ = {isa = PBXBuildFile; fileRef = 6884B8F522394494003ECE05 /* PseudoCollectionEmptyCell.swift */; };
		6884B8F8223945F6003ECE05 /* UIView+Border.swift in Sources */ = {isa = PBXBuildFile; fileRef = 6884B8F7223945F6003ECE05 /* UIView+Border.swift */; };
		6884B8FB223A5BC1003ECE05 /* RealmSwift.framework in Frameworks */ = {isa = PBXBuildFile; fileRef = 6884B8F9223A5BC1003ECE05 /* RealmSwift.framework */; };
		6884B8FC223A5BC1003ECE05 /* Realm.framework in Frameworks */ = {isa = PBXBuildFile; fileRef = 6884B8FA223A5BC1003ECE05 /* Realm.framework */; };
		6884B900223A6B64003ECE05 /* Keychain.swift in Sources */ = {isa = PBXBuildFile; fileRef = 6884B8FF223A6B64003ECE05 /* Keychain.swift */; };
		6884B903223A808C003ECE05 /* Database.swift in Sources */ = {isa = PBXBuildFile; fileRef = 6884B902223A808C003ECE05 /* Database.swift */; };
		6884B905223A86F7003ECE05 /* Seeds.swift in Sources */ = {isa = PBXBuildFile; fileRef = 6884B904223A86F7003ECE05 /* Seeds.swift */; };
		6884B907223A8948003ECE05 /* Number.swift in Sources */ = {isa = PBXBuildFile; fileRef = 6884B906223A8948003ECE05 /* Number.swift */; };
		6884B909223BD9B9003ECE05 /* NSArray+Additions.swift in Sources */ = {isa = PBXBuildFile; fileRef = 6884B908223BD9B9003ECE05 /* NSArray+Additions.swift */; };
		6884B90C223BE0BD003ECE05 /* MessageDetailViewModel.swift in Sources */ = {isa = PBXBuildFile; fileRef = 6884B90B223BE0BD003ECE05 /* MessageDetailViewModel.swift */; };
		68B71693222EC9FE0078F066 /* PseudoCollectionLayout.swift in Sources */ = {isa = PBXBuildFile; fileRef = 68B71692222EC9FE0078F066 /* PseudoCollectionLayout.swift */; };
		68B71695222ED10A0078F066 /* PseudoCollectionCountCell.swift in Sources */ = {isa = PBXBuildFile; fileRef = 68B71694222ED10A0078F066 /* PseudoCollectionCountCell.swift */; };
		68D30EDE222E86A700DEEAA1 /* OverpassMono-Bold.ttf in Resources */ = {isa = PBXBuildFile; fileRef = 68D30EDD222E859200DEEAA1 /* OverpassMono-Bold.ttf */; };
		68D30EDF222E86A700DEEAA1 /* OverpassMono-Light.ttf in Resources */ = {isa = PBXBuildFile; fileRef = 68D30EDB222E859200DEEAA1 /* OverpassMono-Light.ttf */; };
		68D30EE0222E86A700DEEAA1 /* OverpassMono-Regular.ttf in Resources */ = {isa = PBXBuildFile; fileRef = 68D30EDA222E859200DEEAA1 /* OverpassMono-Regular.ttf */; };
		68D30EE1222E86A700DEEAA1 /* OverpassMono-SemiBold.ttf in Resources */ = {isa = PBXBuildFile; fileRef = 68D30EDC222E859200DEEAA1 /* OverpassMono-SemiBold.ttf */; };
		68D30EE2222E86A700DEEAA1 /* PatuaOne-Regular.ttf in Resources */ = {isa = PBXBuildFile; fileRef = 68D30ED9222E859100DEEAA1 /* PatuaOne-Regular.ttf */; };
/* End PBXBuildFile section */

/* Begin PBXFileReference section */
		1C825B062226CAF30075E3FB /* GenericViewController.swift */ = {isa = PBXFileReference; lastKnownFileType = sourcecode.swift; path = GenericViewController.swift; sourceTree = "<group>"; };
		1C825B082226D1640075E3FB /* ViewModel.swift */ = {isa = PBXFileReference; lastKnownFileType = sourcecode.swift; path = ViewModel.swift; sourceTree = "<group>"; };
		1C825B0A2226D5D40075E3FB /* RootView.swift */ = {isa = PBXFileReference; lastKnownFileType = sourcecode.swift; path = RootView.swift; sourceTree = "<group>"; };
		1C825B0D2226D91B0075E3FB /* LoginViewModel.swift */ = {isa = PBXFileReference; lastKnownFileType = sourcecode.swift; path = LoginViewModel.swift; sourceTree = "<group>"; };
		1C825B0F2227D9D90075E3FB /* LoginViewController.swift */ = {isa = PBXFileReference; lastKnownFileType = sourcecode.swift; path = LoginViewController.swift; sourceTree = "<group>"; };
		1C825B122227DA5D0075E3FB /* LoginRootView.swift */ = {isa = PBXFileReference; lastKnownFileType = sourcecode.swift; path = LoginRootView.swift; sourceTree = "<group>"; };
		6804516B22242B640080BE3D /* Pseudo.swift */ = {isa = PBXFileReference; fileEncoding = 4; lastKnownFileType = sourcecode.swift; path = Pseudo.swift; sourceTree = "<group>"; };
		68135C782230099C00DDD5F9 /* PseudoCollectionViewCellConfigurator.swift */ = {isa = PBXFileReference; lastKnownFileType = sourcecode.swift; path = PseudoCollectionViewCellConfigurator.swift; sourceTree = "<group>"; };
		682754A6222D3DA800C6326D /* PseudoCollectionRootView.swift */ = {isa = PBXFileReference; lastKnownFileType = sourcecode.swift; path = PseudoCollectionRootView.swift; sourceTree = "<group>"; };
		682754A8222D3E2700C6326D /* PseudoCollectionViewModel.swift */ = {isa = PBXFileReference; lastKnownFileType = sourcecode.swift; path = PseudoCollectionViewModel.swift; sourceTree = "<group>"; };
		684BB50F221ED86000C46642 /* SiestaUI.framework */ = {isa = PBXFileReference; lastKnownFileType = wrapper.framework; name = SiestaUI.framework; path = Carthage/Build/iOS/SiestaUI.framework; sourceTree = SOURCE_ROOT; };
		684BB510221ED86000C46642 /* Siesta.framework */ = {isa = PBXFileReference; lastKnownFileType = wrapper.framework; name = Siesta.framework; path = Carthage/Build/iOS/Siesta.framework; sourceTree = SOURCE_ROOT; };
		684BB515221EDC0200C46642 /* MojnAPI.swift */ = {isa = PBXFileReference; lastKnownFileType = sourcecode.swift; path = MojnAPI.swift; sourceTree = "<group>"; };
		684BB51D221F35A000C46642 /* Valet.framework */ = {isa = PBXFileReference; lastKnownFileType = wrapper.framework; name = Valet.framework; path = Carthage/Build/iOS/Valet.framework; sourceTree = SOURCE_ROOT; };
		684E95FB22231DE9005B14CF /* PseudoCollectionViewController.swift */ = {isa = PBXFileReference; lastKnownFileType = sourcecode.swift; path = PseudoCollectionViewController.swift; sourceTree = "<group>"; };
		684E95FE22232096005B14CF /* PseudoCollectionDefaultCell.swift */ = {isa = PBXFileReference; lastKnownFileType = sourcecode.swift; path = PseudoCollectionDefaultCell.swift; sourceTree = "<group>"; };
		684F5123222EAA49003A3885 /* PseudoCollectionAddCell.swift */ = {isa = PBXFileReference; fileEncoding = 4; lastKnownFileType = sourcecode.swift; path = PseudoCollectionAddCell.swift; sourceTree = "<group>"; };
		6853822A221C329C00DBA0FB /* mojn.app */ = {isa = PBXFileReference; explicitFileType = wrapper.application; includeInIndex = 0; path = mojn.app; sourceTree = BUILT_PRODUCTS_DIR; };
		6853822D221C329C00DBA0FB /* AppDelegate.swift */ = {isa = PBXFileReference; lastKnownFileType = sourcecode.swift; path = AppDelegate.swift; sourceTree = "<group>"; };
		68538234221C329E00DBA0FB /* Assets.xcassets */ = {isa = PBXFileReference; lastKnownFileType = folder.assetcatalog; path = Assets.xcassets; sourceTree = "<group>"; };
		68538237221C329E00DBA0FB /* Base */ = {isa = PBXFileReference; lastKnownFileType = file.storyboard; name = Base; path = Base.lproj/LaunchScreen.storyboard; sourceTree = "<group>"; };
		68538239221C329E00DBA0FB /* Info.plist */ = {isa = PBXFileReference; lastKnownFileType = text.plist.xml; path = Info.plist; sourceTree = "<group>"; };
		685CC1B422329B9A0035C45F /* PseudoCollectionHeaderCell.swift */ = {isa = PBXFileReference; lastKnownFileType = sourcecode.swift; path = PseudoCollectionHeaderCell.swift; sourceTree = "<group>"; };
		685CC1B9223681A40035C45F /* MessageViewController.swift */ = {isa = PBXFileReference; lastKnownFileType = sourcecode.swift; path = MessageViewController.swift; sourceTree = "<group>"; };
		685CC1BB223681D50035C45F /* MessageRootView.swift */ = {isa = PBXFileReference; lastKnownFileType = sourcecode.swift; path = MessageRootView.swift; sourceTree = "<group>"; };
		685CC1BD223681FB0035C45F /* MessageViewModel.swift */ = {isa = PBXFileReference; lastKnownFileType = sourcecode.swift; path = MessageViewModel.swift; sourceTree = "<group>"; };
		685CC1BF223685830035C45F /* MessageTableViewCellConfigurator.swift */ = {isa = PBXFileReference; lastKnownFileType = sourcecode.swift; path = MessageTableViewCellConfigurator.swift; sourceTree = "<group>"; };
		68618F56221C3E83004590B5 /* Layoutless.framework */ = {isa = PBXFileReference; lastKnownFileType = wrapper.framework; name = Layoutless.framework; path = Carthage/Build/iOS/Layoutless.framework; sourceTree = SOURCE_ROOT; };
		686FABCF22240A5300341D19 /* UIColor+Color.swift */ = {isa = PBXFileReference; lastKnownFileType = sourcecode.swift; path = "UIColor+Color.swift"; sourceTree = "<group>"; };
		687B4043222557C800304B88 /* MessageKit.framework */ = {isa = PBXFileReference; lastKnownFileType = wrapper.framework; name = MessageKit.framework; path = Carthage/Build/iOS/MessageKit.framework; sourceTree = SOURCE_ROOT; };
		687B4045222557FC00304B88 /* MessageDetailViewController.swift */ = {isa = PBXFileReference; lastKnownFileType = sourcecode.swift; path = MessageDetailViewController.swift; sourceTree = "<group>"; };
		687B40472225585800304B88 /* Message.swift */ = {isa = PBXFileReference; lastKnownFileType = sourcecode.swift; path = Message.swift; sourceTree = "<group>"; };
		687B404922255C1600304B88 /* MojnInputBar.swift */ = {isa = PBXFileReference; lastKnownFileType = sourcecode.swift; path = MojnInputBar.swift; sourceTree = "<group>"; };
		687B404B22255D2200304B88 /* MessageInputBar.framework */ = {isa = PBXFileReference; lastKnownFileType = wrapper.framework; name = MessageInputBar.framework; path = Carthage/Build/iOS/MessageInputBar.framework; sourceTree = SOURCE_ROOT; };
		687B404D22256BF400304B88 /* SwiftyJSON.framework */ = {isa = PBXFileReference; lastKnownFileType = wrapper.framework; name = SwiftyJSON.framework; path = Carthage/Build/iOS/SwiftyJSON.framework; sourceTree = SOURCE_ROOT; };
		6881ADBD2237C082008C3051 /* MessageTableDefaultCell.swift */ = {isa = PBXFileReference; lastKnownFileType = sourcecode.swift; path = MessageTableDefaultCell.swift; sourceTree = "<group>"; };
		6884B8EA22382BE9003ECE05 /* Appearance.swift */ = {isa = PBXFileReference; lastKnownFileType = sourcecode.swift; path = Appearance.swift; sourceTree = "<group>"; };
		6884B8F522394494003ECE05 /* PseudoCollectionEmptyCell.swift */ = {isa = PBXFileReference; lastKnownFileType = sourcecode.swift; path = PseudoCollectionEmptyCell.swift; sourceTree = "<group>"; };
		6884B8F7223945F6003ECE05 /* UIView+Border.swift */ = {isa = PBXFileReference; lastKnownFileType = sourcecode.swift; path = "UIView+Border.swift"; sourceTree = "<group>"; };
		6884B8F9223A5BC1003ECE05 /* RealmSwift.framework */ = {isa = PBXFileReference; lastKnownFileType = wrapper.framework; name = RealmSwift.framework; path = Carthage/Build/iOS/RealmSwift.framework; sourceTree = SOURCE_ROOT; };
		6884B8FA223A5BC1003ECE05 /* Realm.framework */ = {isa = PBXFileReference; lastKnownFileType = wrapper.framework; name = Realm.framework; path = Carthage/Build/iOS/Realm.framework; sourceTree = SOURCE_ROOT; };
		6884B8FF223A6B64003ECE05 /* Keychain.swift */ = {isa = PBXFileReference; lastKnownFileType = sourcecode.swift; path = Keychain.swift; sourceTree = "<group>"; };
		6884B902223A808C003ECE05 /* Database.swift */ = {isa = PBXFileReference; lastKnownFileType = sourcecode.swift; path = Database.swift; sourceTree = "<group>"; };
		6884B904223A86F7003ECE05 /* Seeds.swift */ = {isa = PBXFileReference; lastKnownFileType = sourcecode.swift; path = Seeds.swift; sourceTree = "<group>"; };
		6884B906223A8948003ECE05 /* Number.swift */ = {isa = PBXFileReference; lastKnownFileType = sourcecode.swift; path = Number.swift; sourceTree = "<group>"; };
		6884B908223BD9B9003ECE05 /* NSArray+Additions.swift */ = {isa = PBXFileReference; lastKnownFileType = sourcecode.swift; path = "NSArray+Additions.swift"; sourceTree = "<group>"; };
		6884B90B223BE0BD003ECE05 /* MessageDetailViewModel.swift */ = {isa = PBXFileReference; lastKnownFileType = sourcecode.swift; path = MessageDetailViewModel.swift; sourceTree = "<group>"; };
		68B71692222EC9FE0078F066 /* PseudoCollectionLayout.swift */ = {isa = PBXFileReference; lastKnownFileType = sourcecode.swift; path = PseudoCollectionLayout.swift; sourceTree = "<group>"; };
		68B71694222ED10A0078F066 /* PseudoCollectionCountCell.swift */ = {isa = PBXFileReference; lastKnownFileType = sourcecode.swift; path = PseudoCollectionCountCell.swift; sourceTree = "<group>"; };
		68D30ED9222E859100DEEAA1 /* PatuaOne-Regular.ttf */ = {isa = PBXFileReference; lastKnownFileType = file; name = "PatuaOne-Regular.ttf"; path = "Fonts/PatuaOne-Regular.ttf"; sourceTree = "<group>"; };
		68D30EDA222E859200DEEAA1 /* OverpassMono-Regular.ttf */ = {isa = PBXFileReference; lastKnownFileType = file; name = "OverpassMono-Regular.ttf"; path = "Fonts/OverpassMono-Regular.ttf"; sourceTree = "<group>"; };
		68D30EDB222E859200DEEAA1 /* OverpassMono-Light.ttf */ = {isa = PBXFileReference; lastKnownFileType = file; name = "OverpassMono-Light.ttf"; path = "Fonts/OverpassMono-Light.ttf"; sourceTree = "<group>"; };
		68D30EDC222E859200DEEAA1 /* OverpassMono-SemiBold.ttf */ = {isa = PBXFileReference; lastKnownFileType = file; name = "OverpassMono-SemiBold.ttf"; path = "Fonts/OverpassMono-SemiBold.ttf"; sourceTree = "<group>"; };
		68D30EDD222E859200DEEAA1 /* OverpassMono-Bold.ttf */ = {isa = PBXFileReference; lastKnownFileType = file; name = "OverpassMono-Bold.ttf"; path = "Fonts/OverpassMono-Bold.ttf"; sourceTree = "<group>"; };
/* End PBXFileReference section */

/* Begin PBXFrameworksBuildPhase section */
		68538227221C329C00DBA0FB /* Frameworks */ = {
			isa = PBXFrameworksBuildPhase;
			buildActionMask = 2147483647;
			files = (
				6884B8FC223A5BC1003ECE05 /* Realm.framework in Frameworks */,
				68618F57221C3E84004590B5 /* Layoutless.framework in Frameworks */,
				684BB512221ED86000C46642 /* Siesta.framework in Frameworks */,
				684BB511221ED86000C46642 /* SiestaUI.framework in Frameworks */,
				687B404C22255D2200304B88 /* MessageInputBar.framework in Frameworks */,
				687B404E22256BF400304B88 /* SwiftyJSON.framework in Frameworks */,
				684BB51E221F35A000C46642 /* Valet.framework in Frameworks */,
				6884B8FB223A5BC1003ECE05 /* RealmSwift.framework in Frameworks */,
				687B4044222557C800304B88 /* MessageKit.framework in Frameworks */,
			);
			runOnlyForDeploymentPostprocessing = 0;
		};
/* End PBXFrameworksBuildPhase section */

/* Begin PBXGroup section */
		1C825B052226CABD0075E3FB /* Lib */ = {
			isa = PBXGroup;
			children = (
				1C825B062226CAF30075E3FB /* GenericViewController.swift */,
				1C825B082226D1640075E3FB /* ViewModel.swift */,
				1C825B0A2226D5D40075E3FB /* RootView.swift */,
			);
			path = Lib;
			sourceTree = "<group>";
		};
		1C825B0C2226D8FB0075E3FB /* ViewModels */ = {
			isa = PBXGroup;
			children = (
				6881ADC52237EA25008C3051 /* Message */,
				6881ADC22237DC4E008C3051 /* Pseudo */,
				1C825B0D2226D91B0075E3FB /* LoginViewModel.swift */,
			);
			path = ViewModels;
			sourceTree = "<group>";
		};
		1C825B112227DA3B0075E3FB /* Root Views */ = {
			isa = PBXGroup;
			children = (
				6881ADC42237EA1C008C3051 /* Message */,
				6881ADC12237DC47008C3051 /* Pseudo */,
				1C825B122227DA5D0075E3FB /* LoginRootView.swift */,
			);
			path = "Root Views";
			sourceTree = "<group>";
		};
		6804516D22242B770080BE3D /* Support Files */ = {
			isa = PBXGroup;
			children = (
				68D30ED8222E858100DEEAA1 /* Fonts */,
				6853822D221C329C00DBA0FB /* AppDelegate.swift */,
				68538234221C329E00DBA0FB /* Assets.xcassets */,
				68538236221C329E00DBA0FB /* LaunchScreen.storyboard */,
				68538239221C329E00DBA0FB /* Info.plist */,
			);
			name = "Support Files";
			sourceTree = "<group>";
		};
		68135C772230093D00DDD5F9 /* Configurators */ = {
			isa = PBXGroup;
			children = (
				68135C782230099C00DDD5F9 /* PseudoCollectionViewCellConfigurator.swift */,
				685CC1BF223685830035C45F /* MessageTableViewCellConfigurator.swift */,
			);
			path = Configurators;
			sourceTree = "<group>";
		};
		684BB514221EDBD600C46642 /* API */ = {
			isa = PBXGroup;
			children = (
				684BB515221EDC0200C46642 /* MojnAPI.swift */,
				6884B8FF223A6B64003ECE05 /* Keychain.swift */,
			);
			path = API;
			sourceTree = "<group>";
		};
		684BB517221EF3EF00C46642 /* Models */ = {
			isa = PBXGroup;
			children = (
				6804516B22242B640080BE3D /* Pseudo.swift */,
				6884B906223A8948003ECE05 /* Number.swift */,
				687B40472225585800304B88 /* Message.swift */,
			);
			path = Models;
			sourceTree = "<group>";
		};
		684E95FA22231DAE005B14CF /* ViewControllers */ = {
			isa = PBXGroup;
			children = (
				6881ADC32237EA0D008C3051 /* Message */,
				6881ADC02237DC3D008C3051 /* Pseudo */,
				1C825B0F2227D9D90075E3FB /* LoginViewController.swift */,
			);
			path = ViewControllers;
			sourceTree = "<group>";
		};
		684E95FD2223207E005B14CF /* Views */ = {
			isa = PBXGroup;
			children = (
				6884B8EC2238F974003ECE05 /* Shared */,
				6881ADBC2237C05F008C3051 /* Message */,
				684F5122222EA9A4003A3885 /* Pseudo */,
				687B404922255C1600304B88 /* MojnInputBar.swift */,
			);
			path = Views;
			sourceTree = "<group>";
		};
		684F5122222EA9A4003A3885 /* Pseudo */ = {
			isa = PBXGroup;
			children = (
				684F5123222EAA49003A3885 /* PseudoCollectionAddCell.swift */,
				684E95FE22232096005B14CF /* PseudoCollectionDefaultCell.swift */,
				68B71694222ED10A0078F066 /* PseudoCollectionCountCell.swift */,
				68B71692222EC9FE0078F066 /* PseudoCollectionLayout.swift */,
				685CC1B422329B9A0035C45F /* PseudoCollectionHeaderCell.swift */,
				6884B8F522394494003ECE05 /* PseudoCollectionEmptyCell.swift */,
			);
			path = Pseudo;
			sourceTree = "<group>";
		};
		68538221221C329C00DBA0FB = {
			isa = PBXGroup;
			children = (
				6853822C221C329C00DBA0FB /* mojn */,
				68618F55221C3E58004590B5 /* Frameworks */,
				6853822B221C329C00DBA0FB /* Products */,
			);
			sourceTree = "<group>";
		};
		6853822B221C329C00DBA0FB /* Products */ = {
			isa = PBXGroup;
			children = (
				6853822A221C329C00DBA0FB /* mojn.app */,
			);
			name = Products;
			sourceTree = "<group>";
		};
		6853822C221C329C00DBA0FB /* mojn */ = {
			isa = PBXGroup;
			children = (
				68135C772230093D00DDD5F9 /* Configurators */,
				1C825B052226CABD0075E3FB /* Lib */,
				6804516D22242B770080BE3D /* Support Files */,
				686FABCE22240A1600341D19 /* Utilities */,
				684E95FD2223207E005B14CF /* Views */,
				1C825B0C2226D8FB0075E3FB /* ViewModels */,
				1C825B112227DA3B0075E3FB /* Root Views */,
				684E95FA22231DAE005B14CF /* ViewControllers */,
				684BB517221EF3EF00C46642 /* Models */,
				6884B901223A807A003ECE05 /* DB */,
				684BB514221EDBD600C46642 /* API */,
			);
			path = mojn;
			sourceTree = "<group>";
		};
		68618F55221C3E58004590B5 /* Frameworks */ = {
			isa = PBXGroup;
			children = (
				6884B8FA223A5BC1003ECE05 /* Realm.framework */,
				6884B8F9223A5BC1003ECE05 /* RealmSwift.framework */,
				687B404D22256BF400304B88 /* SwiftyJSON.framework */,
				687B404B22255D2200304B88 /* MessageInputBar.framework */,
				687B4043222557C800304B88 /* MessageKit.framework */,
				684BB51D221F35A000C46642 /* Valet.framework */,
				684BB510221ED86000C46642 /* Siesta.framework */,
				684BB50F221ED86000C46642 /* SiestaUI.framework */,
				68618F56221C3E83004590B5 /* Layoutless.framework */,
			);
			name = Frameworks;
			path = mojn/Frameworks;
			sourceTree = "<group>";
		};
		686FABCE22240A1600341D19 /* Utilities */ = {
			isa = PBXGroup;
			children = (
				686FABCF22240A5300341D19 /* UIColor+Color.swift */,
				6884B8EA22382BE9003ECE05 /* Appearance.swift */,
				6884B8F7223945F6003ECE05 /* UIView+Border.swift */,
				6884B908223BD9B9003ECE05 /* NSArray+Additions.swift */,
			);
			path = Utilities;
			sourceTree = "<group>";
		};
		6881ADBC2237C05F008C3051 /* Message */ = {
			isa = PBXGroup;
			children = (
				6881ADBD2237C082008C3051 /* MessageTableDefaultCell.swift */,
			);
			path = Message;
			sourceTree = "<group>";
		};
		6881ADC02237DC3D008C3051 /* Pseudo */ = {
			isa = PBXGroup;
			children = (
				684E95FB22231DE9005B14CF /* PseudoCollectionViewController.swift */,
			);
			path = Pseudo;
			sourceTree = "<group>";
		};
		6881ADC12237DC47008C3051 /* Pseudo */ = {
			isa = PBXGroup;
			children = (
				682754A6222D3DA800C6326D /* PseudoCollectionRootView.swift */,
			);
			path = Pseudo;
			sourceTree = "<group>";
		};
		6881ADC22237DC4E008C3051 /* Pseudo */ = {
			isa = PBXGroup;
			children = (
				682754A8222D3E2700C6326D /* PseudoCollectionViewModel.swift */,
			);
			path = Pseudo;
			sourceTree = "<group>";
		};
		6881ADC32237EA0D008C3051 /* Message */ = {
			isa = PBXGroup;
			children = (
				685CC1B9223681A40035C45F /* MessageViewController.swift */,
				687B4045222557FC00304B88 /* MessageDetailViewController.swift */,
			);
			path = Message;
			sourceTree = "<group>";
		};
		6881ADC42237EA1C008C3051 /* Message */ = {
			isa = PBXGroup;
			children = (
				685CC1BB223681D50035C45F /* MessageRootView.swift */,
			);
			path = Message;
			sourceTree = "<group>";
		};
		6881ADC52237EA25008C3051 /* Message */ = {
			isa = PBXGroup;
			children = (
				685CC1BD223681FB0035C45F /* MessageViewModel.swift */,
				6884B90B223BE0BD003ECE05 /* MessageDetailViewModel.swift */,
			);
			path = Message;
			sourceTree = "<group>";
		};
		6884B8EC2238F974003ECE05 /* Shared */ = {
			isa = PBXGroup;
			children = (
			);
			path = Shared;
			sourceTree = "<group>";
		};
		6884B901223A807A003ECE05 /* DB */ = {
			isa = PBXGroup;
			children = (
				6884B902223A808C003ECE05 /* Database.swift */,
				6884B904223A86F7003ECE05 /* Seeds.swift */,
			);
			path = DB;
			sourceTree = "<group>";
		};
		68D30ED8222E858100DEEAA1 /* Fonts */ = {
			isa = PBXGroup;
			children = (
				68D30EDD222E859200DEEAA1 /* OverpassMono-Bold.ttf */,
				68D30EDB222E859200DEEAA1 /* OverpassMono-Light.ttf */,
				68D30EDA222E859200DEEAA1 /* OverpassMono-Regular.ttf */,
				68D30EDC222E859200DEEAA1 /* OverpassMono-SemiBold.ttf */,
				68D30ED9222E859100DEEAA1 /* PatuaOne-Regular.ttf */,
			);
			name = Fonts;
			sourceTree = "<group>";
		};
/* End PBXGroup section */

/* Begin PBXNativeTarget section */
		68538229221C329C00DBA0FB /* mojn */ = {
			isa = PBXNativeTarget;
			buildConfigurationList = 6853823C221C329E00DBA0FB /* Build configuration list for PBXNativeTarget "mojn" */;
			buildPhases = (
				68538226221C329C00DBA0FB /* Sources */,
				68538227221C329C00DBA0FB /* Frameworks */,
				68538228221C329C00DBA0FB /* Resources */,
				68618F58221C3EB2004590B5 /* Carthage */,
			);
			buildRules = (
			);
			dependencies = (
			);
			name = mojn;
			productName = mojn;
			productReference = 6853822A221C329C00DBA0FB /* mojn.app */;
			productType = "com.apple.product-type.application";
		};
/* End PBXNativeTarget section */

/* Begin PBXProject section */
		68538222221C329C00DBA0FB /* Project object */ = {
			isa = PBXProject;
			attributes = {
				LastSwiftUpdateCheck = 1010;
				LastUpgradeCheck = 1010;
				ORGANIZATIONNAME = "Casper Rogild Storm";
				TargetAttributes = {
					68538229221C329C00DBA0FB = {
						CreatedOnToolsVersion = 10.1;
					};
				};
			};
			buildConfigurationList = 68538225221C329C00DBA0FB /* Build configuration list for PBXProject "mojn" */;
			compatibilityVersion = "Xcode 9.3";
			developmentRegion = en;
			hasScannedForEncodings = 0;
			knownRegions = (
				en,
				Base,
			);
			mainGroup = 68538221221C329C00DBA0FB;
			productRefGroup = 6853822B221C329C00DBA0FB /* Products */;
			projectDirPath = "";
			projectRoot = "";
			targets = (
				68538229221C329C00DBA0FB /* mojn */,
			);
		};
/* End PBXProject section */

/* Begin PBXResourcesBuildPhase section */
		68538228221C329C00DBA0FB /* Resources */ = {
			isa = PBXResourcesBuildPhase;
			buildActionMask = 2147483647;
			files = (
				68D30EE2222E86A700DEEAA1 /* PatuaOne-Regular.ttf in Resources */,
				68D30EE0222E86A700DEEAA1 /* OverpassMono-Regular.ttf in Resources */,
				68D30EDE222E86A700DEEAA1 /* OverpassMono-Bold.ttf in Resources */,
				68538238221C329E00DBA0FB /* LaunchScreen.storyboard in Resources */,
				68D30EE1222E86A700DEEAA1 /* OverpassMono-SemiBold.ttf in Resources */,
				68538235221C329E00DBA0FB /* Assets.xcassets in Resources */,
				68D30EDF222E86A700DEEAA1 /* OverpassMono-Light.ttf in Resources */,
			);
			runOnlyForDeploymentPostprocessing = 0;
		};
/* End PBXResourcesBuildPhase section */

/* Begin PBXShellScriptBuildPhase section */
		68618F58221C3EB2004590B5 /* Carthage */ = {
			isa = PBXShellScriptBuildPhase;
			buildActionMask = 2147483647;
			files = (
			);
			inputFileListPaths = (
			);
			inputPaths = (
				"$(SRCROOT)/Carthage/Build/iOS/Layoutless.framework",
				"$(SRCROOT)/Carthage/Build/iOS/Siesta.framework",
				"$(SRCROOT)/Carthage/Build/iOS/SiestaUI.framework",
				"$(SRCROOT)/Carthage/Build/iOS/Valet.framework",
				"$(SRCROOT)/Carthage/Build/iOS/MessageKit.framework",
				"$(SRCROOT)/Carthage/Build/iOS/MessageInputBar.framework",
				"$(SRCROOT)/Carthage/Build/iOS/SwiftyJSON.framework",
				"$(SRCROOT)/Carthage/Build/iOS/Realm.framework",
				"$(SRCROOT)/Carthage/Build/iOS/RealmSwift.framework",
			);
			name = Carthage;
			outputFileListPaths = (
			);
			outputPaths = (
				"$(BUILT_PRODUCTS_DIR)/$(FRAMEWORKS_FOLDER_PATH)/Layoutless.framework",
				"$(BUILT_PRODUCTS_DIR)/$(FRAMEWORKS_FOLDER_PATH)/Siesta.framework",
				"$(BUILT_PRODUCTS_DIR)/$(FRAMEWORKS_FOLDER_PATH)/SiestaUI.framework",
				"$(BUILT_PRODUCTS_DIR)/$(FRAMEWORKS_FOLDER_PATH)/Valvet.framework",
				"$(BUILT_PRODUCTS_DIR)/$(FRAMEWORKS_FOLDER_PATH)/MessageKit.framework",
				"$(BUILT_PRODUCTS_DIR)/$(FRAMEWORKS_FOLDER_PATH)/MessageInputBar.framework",
				"$(BUILT_PRODUCTS_DIR)/$(FRAMEWORKS_FOLDER_PATH)/SwiftyJSON.framework",
				"$(BUILT_PRODUCTS_DIR)/$(FRAMEWORKS_FOLDER_PATH)/Realm.framework",
				"$(BUILT_PRODUCTS_DIR)/$(FRAMEWORKS_FOLDER_PATH)/RealmSwift.framework",
			);
			runOnlyForDeploymentPostprocessing = 0;
			shellPath = /bin/sh;
			shellScript = "# Type a script or drag a script file from your workspace to insert its path.\n/usr/local/bin/carthage copy-frameworks\n";
		};
/* End PBXShellScriptBuildPhase section */

/* Begin PBXSourcesBuildPhase section */
		68538226221C329C00DBA0FB /* Sources */ = {
			isa = PBXSourcesBuildPhase;
			buildActionMask = 2147483647;
			files = (
				682754A9222D3E2700C6326D /* PseudoCollectionViewModel.swift in Sources */,
				686FABD022240A5300341D19 /* UIColor+Color.swift in Sources */,
				687B4046222557FC00304B88 /* MessageDetailViewController.swift in Sources */,
				68B71693222EC9FE0078F066 /* PseudoCollectionLayout.swift in Sources */,
				682754A7222D3DA800C6326D /* PseudoCollectionRootView.swift in Sources */,
				68135C792230099C00DDD5F9 /* PseudoCollectionViewCellConfigurator.swift in Sources */,
				685CC1BA223681A40035C45F /* MessageViewController.swift in Sources */,
				1C825B072226CAF30075E3FB /* GenericViewController.swift in Sources */,
				6884B907223A8948003ECE05 /* Number.swift in Sources */,
				685CC1BE223681FB0035C45F /* MessageViewModel.swift in Sources */,
				1C825B0B2226D5D40075E3FB /* RootView.swift in Sources */,
				684F5124222EAA49003A3885 /* PseudoCollectionAddCell.swift in Sources */,
				684E95FC22231DE9005B14CF /* PseudoCollectionViewController.swift in Sources */,
				68B71695222ED10A0078F066 /* PseudoCollectionCountCell.swift in Sources */,
				6884B903223A808C003ECE05 /* Database.swift in Sources */,
				685CC1C0223685830035C45F /* MessageTableViewCellConfigurator.swift in Sources */,
				6884B905223A86F7003ECE05 /* Seeds.swift in Sources */,
				1C825B092226D1640075E3FB /* ViewModel.swift in Sources */,
				684E95FF22232096005B14CF /* PseudoCollectionDefaultCell.swift in Sources */,
				6884B8EB22382BE9003ECE05 /* Appearance.swift in Sources */,
				1C825B0E2226D91B0075E3FB /* LoginViewModel.swift in Sources */,
				684BB516221EDC0200C46642 /* MojnAPI.swift in Sources */,
				1C825B132227DA5D0075E3FB /* LoginRootView.swift in Sources */,
				6884B90C223BE0BD003ECE05 /* MessageDetailViewModel.swift in Sources */,
				6884B909223BD9B9003ECE05 /* NSArray+Additions.swift in Sources */,
				687B40482225585800304B88 /* Message.swift in Sources */,
				1C825B102227D9D90075E3FB /* LoginViewController.swift in Sources */,
				687B404A22255C1600304B88 /* MojnInputBar.swift in Sources */,
				6881ADBE2237C082008C3051 /* MessageTableDefaultCell.swift in Sources */,
				6884B8F8223945F6003ECE05 /* UIView+Border.swift in Sources */,
				6884B8F622394494003ECE05 /* PseudoCollectionEmptyCell.swift in Sources */,
				6853822E221C329C00DBA0FB /* AppDelegate.swift in Sources */,
				685CC1B522329B9A0035C45F /* PseudoCollectionHeaderCell.swift in Sources */,
				6884B900223A6B64003ECE05 /* Keychain.swift in Sources */,
				6804516C22242B640080BE3D /* Pseudo.swift in Sources */,
				685CC1BC223681D50035C45F /* MessageRootView.swift in Sources */,
			);
			runOnlyForDeploymentPostprocessing = 0;
		};
/* End PBXSourcesBuildPhase section */

/* Begin PBXVariantGroup section */
		68538236221C329E00DBA0FB /* LaunchScreen.storyboard */ = {
			isa = PBXVariantGroup;
			children = (
				68538237221C329E00DBA0FB /* Base */,
			);
			name = LaunchScreen.storyboard;
			sourceTree = "<group>";
		};
/* End PBXVariantGroup section */

/* Begin XCBuildConfiguration section */
		6853823A221C329E00DBA0FB /* Debug */ = {
			isa = XCBuildConfiguration;
			buildSettings = {
				ALWAYS_SEARCH_USER_PATHS = NO;
				CLANG_ANALYZER_NONNULL = YES;
				CLANG_ANALYZER_NUMBER_OBJECT_CONVERSION = YES_AGGRESSIVE;
				CLANG_CXX_LANGUAGE_STANDARD = "gnu++14";
				CLANG_CXX_LIBRARY = "libc++";
				CLANG_ENABLE_MODULES = YES;
				CLANG_ENABLE_OBJC_ARC = YES;
				CLANG_ENABLE_OBJC_WEAK = YES;
				CLANG_WARN_BLOCK_CAPTURE_AUTORELEASING = YES;
				CLANG_WARN_BOOL_CONVERSION = YES;
				CLANG_WARN_COMMA = YES;
				CLANG_WARN_CONSTANT_CONVERSION = YES;
				CLANG_WARN_DEPRECATED_OBJC_IMPLEMENTATIONS = YES;
				CLANG_WARN_DIRECT_OBJC_ISA_USAGE = YES_ERROR;
				CLANG_WARN_DOCUMENTATION_COMMENTS = YES;
				CLANG_WARN_EMPTY_BODY = YES;
				CLANG_WARN_ENUM_CONVERSION = YES;
				CLANG_WARN_INFINITE_RECURSION = YES;
				CLANG_WARN_INT_CONVERSION = YES;
				CLANG_WARN_NON_LITERAL_NULL_CONVERSION = YES;
				CLANG_WARN_OBJC_IMPLICIT_RETAIN_SELF = YES;
				CLANG_WARN_OBJC_LITERAL_CONVERSION = YES;
				CLANG_WARN_OBJC_ROOT_CLASS = YES_ERROR;
				CLANG_WARN_RANGE_LOOP_ANALYSIS = YES;
				CLANG_WARN_STRICT_PROTOTYPES = YES;
				CLANG_WARN_SUSPICIOUS_MOVE = YES;
				CLANG_WARN_UNGUARDED_AVAILABILITY = YES_AGGRESSIVE;
				CLANG_WARN_UNREACHABLE_CODE = YES;
				CLANG_WARN__DUPLICATE_METHOD_MATCH = YES;
				CODE_SIGN_IDENTITY = "iPhone Developer";
				COPY_PHASE_STRIP = NO;
				DEBUG_INFORMATION_FORMAT = dwarf;
				ENABLE_STRICT_OBJC_MSGSEND = YES;
				ENABLE_TESTABILITY = YES;
				GCC_C_LANGUAGE_STANDARD = gnu11;
				GCC_DYNAMIC_NO_PIC = NO;
				GCC_NO_COMMON_BLOCKS = YES;
				GCC_OPTIMIZATION_LEVEL = 0;
				GCC_PREPROCESSOR_DEFINITIONS = (
					"DEBUG=1",
					"$(inherited)",
				);
				GCC_WARN_64_TO_32_BIT_CONVERSION = YES;
				GCC_WARN_ABOUT_RETURN_TYPE = YES_ERROR;
				GCC_WARN_UNDECLARED_SELECTOR = YES;
				GCC_WARN_UNINITIALIZED_AUTOS = YES_AGGRESSIVE;
				GCC_WARN_UNUSED_FUNCTION = YES;
				GCC_WARN_UNUSED_VARIABLE = YES;
				IPHONEOS_DEPLOYMENT_TARGET = 12.1;
				MTL_ENABLE_DEBUG_INFO = INCLUDE_SOURCE;
				MTL_FAST_MATH = YES;
				ONLY_ACTIVE_ARCH = YES;
				SDKROOT = iphoneos;
				SWIFT_ACTIVE_COMPILATION_CONDITIONS = DEBUG;
				SWIFT_OPTIMIZATION_LEVEL = "-Onone";
			};
			name = Debug;
		};
		6853823B221C329E00DBA0FB /* Release */ = {
			isa = XCBuildConfiguration;
			buildSettings = {
				ALWAYS_SEARCH_USER_PATHS = NO;
				CLANG_ANALYZER_NONNULL = YES;
				CLANG_ANALYZER_NUMBER_OBJECT_CONVERSION = YES_AGGRESSIVE;
				CLANG_CXX_LANGUAGE_STANDARD = "gnu++14";
				CLANG_CXX_LIBRARY = "libc++";
				CLANG_ENABLE_MODULES = YES;
				CLANG_ENABLE_OBJC_ARC = YES;
				CLANG_ENABLE_OBJC_WEAK = YES;
				CLANG_WARN_BLOCK_CAPTURE_AUTORELEASING = YES;
				CLANG_WARN_BOOL_CONVERSION = YES;
				CLANG_WARN_COMMA = YES;
				CLANG_WARN_CONSTANT_CONVERSION = YES;
				CLANG_WARN_DEPRECATED_OBJC_IMPLEMENTATIONS = YES;
				CLANG_WARN_DIRECT_OBJC_ISA_USAGE = YES_ERROR;
				CLANG_WARN_DOCUMENTATION_COMMENTS = YES;
				CLANG_WARN_EMPTY_BODY = YES;
				CLANG_WARN_ENUM_CONVERSION = YES;
				CLANG_WARN_INFINITE_RECURSION = YES;
				CLANG_WARN_INT_CONVERSION = YES;
				CLANG_WARN_NON_LITERAL_NULL_CONVERSION = YES;
				CLANG_WARN_OBJC_IMPLICIT_RETAIN_SELF = YES;
				CLANG_WARN_OBJC_LITERAL_CONVERSION = YES;
				CLANG_WARN_OBJC_ROOT_CLASS = YES_ERROR;
				CLANG_WARN_RANGE_LOOP_ANALYSIS = YES;
				CLANG_WARN_STRICT_PROTOTYPES = YES;
				CLANG_WARN_SUSPICIOUS_MOVE = YES;
				CLANG_WARN_UNGUARDED_AVAILABILITY = YES_AGGRESSIVE;
				CLANG_WARN_UNREACHABLE_CODE = YES;
				CLANG_WARN__DUPLICATE_METHOD_MATCH = YES;
				CODE_SIGN_IDENTITY = "iPhone Developer";
				COPY_PHASE_STRIP = NO;
				DEBUG_INFORMATION_FORMAT = "dwarf-with-dsym";
				ENABLE_NS_ASSERTIONS = NO;
				ENABLE_STRICT_OBJC_MSGSEND = YES;
				GCC_C_LANGUAGE_STANDARD = gnu11;
				GCC_NO_COMMON_BLOCKS = YES;
				GCC_WARN_64_TO_32_BIT_CONVERSION = YES;
				GCC_WARN_ABOUT_RETURN_TYPE = YES_ERROR;
				GCC_WARN_UNDECLARED_SELECTOR = YES;
				GCC_WARN_UNINITIALIZED_AUTOS = YES_AGGRESSIVE;
				GCC_WARN_UNUSED_FUNCTION = YES;
				GCC_WARN_UNUSED_VARIABLE = YES;
				IPHONEOS_DEPLOYMENT_TARGET = 12.1;
				MTL_ENABLE_DEBUG_INFO = NO;
				MTL_FAST_MATH = YES;
				SDKROOT = iphoneos;
				SWIFT_COMPILATION_MODE = wholemodule;
				SWIFT_OPTIMIZATION_LEVEL = "-O";
				VALIDATE_PRODUCT = YES;
			};
			name = Release;
		};
		6853823D221C329E00DBA0FB /* Debug */ = {
			isa = XCBuildConfiguration;
			buildSettings = {
				ASSETCATALOG_COMPILER_APPICON_NAME = AppIcon;
				CODE_SIGN_STYLE = Manual;
				DEVELOPMENT_TEAM = 6QPB2W4T9D;
				FRAMEWORK_SEARCH_PATHS = (
					"$(inherited)",
					"$(PROJECT_DIR)/Carthage/Build/iOS",
				);
				INFOPLIST_FILE = mojn/Info.plist;
				LD_RUNPATH_SEARCH_PATHS = (
					"$(inherited)",
					"@executable_path/Frameworks",
				);
				PRODUCT_BUNDLE_IDENTIFIER = com.rogildstorm.mojn;
				PRODUCT_NAME = "$(TARGET_NAME)";
				PROVISIONING_PROFILE_SPECIFIER = "match Development com.rogildstorm.mojn";
				SWIFT_VERSION = 4.2;
				TARGETED_DEVICE_FAMILY = "1,2";
			};
			name = Debug;
		};
		6853823E221C329E00DBA0FB /* Release */ = {
			isa = XCBuildConfiguration;
			buildSettings = {
				ASSETCATALOG_COMPILER_APPICON_NAME = AppIcon;
				CODE_SIGN_STYLE = Manual;
				DEVELOPMENT_TEAM = "";
				FRAMEWORK_SEARCH_PATHS = (
					"$(inherited)",
					"$(PROJECT_DIR)/Carthage/Build/iOS",
				);
				INFOPLIST_FILE = mojn/Info.plist;
				LD_RUNPATH_SEARCH_PATHS = (
					"$(inherited)",
					"@executable_path/Frameworks",
				);
				PRODUCT_BUNDLE_IDENTIFIER = com.rogildstorm.mojn;
				PRODUCT_NAME = "$(TARGET_NAME)";
				PROVISIONING_PROFILE_SPECIFIER = "";
				SWIFT_VERSION = 4.2;
				TARGETED_DEVICE_FAMILY = "1,2";
			};
			name = Release;
		};
/* End XCBuildConfiguration section */

/* Begin XCConfigurationList section */
		68538225221C329C00DBA0FB /* Build configuration list for PBXProject "mojn" */ = {
			isa = XCConfigurationList;
			buildConfigurations = (
				6853823A221C329E00DBA0FB /* Debug */,
				6853823B221C329E00DBA0FB /* Release */,
			);
			defaultConfigurationIsVisible = 0;
			defaultConfigurationName = Release;
		};
		6853823C221C329E00DBA0FB /* Build configuration list for PBXNativeTarget "mojn" */ = {
			isa = XCConfigurationList;
			buildConfigurations = (
				6853823D221C329E00DBA0FB /* Debug */,
				6853823E221C329E00DBA0FB /* Release */,
			);
			defaultConfigurationIsVisible = 0;
			defaultConfigurationName = Release;
		};
/* End XCConfigurationList section */
	};
	rootObject = 68538222221C329C00DBA0FB /* Project object */;
}
